// !$*UTF8*$!
{
	archiveVersion = 1;
	classes = {
	};
	objectVersion = 50;
	objects = {

/* Begin PBXBuildFile section */
		FC971D0923A65A8F00103B35 /* OLContactViewModel.swift in Sources */ = {isa = PBXBuildFile; fileRef = FC971D0823A65A8F00103B35 /* OLContactViewModel.swift */; };
		FC971D0B23A65F7900103B35 /* OLFIleLoader.swift in Sources */ = {isa = PBXBuildFile; fileRef = FC971D0A23A65F7900103B35 /* OLFIleLoader.swift */; };
		FC971D0E23A67F7600103B35 /* Resource.bundle in Resources */ = {isa = PBXBuildFile; fileRef = FC971D0D23A67F7600103B35 /* Resource.bundle */; };
		FC971D1123A6867D00103B35 /* OLContactAvatarView.swift in Sources */ = {isa = PBXBuildFile; fileRef = FC971D1023A6867D00103B35 /* OLContactAvatarView.swift */; };
		FC971D1323A6902D00103B35 /* OLImageUtility.swift in Sources */ = {isa = PBXBuildFile; fileRef = FC971D1223A6902D00103B35 /* OLImageUtility.swift */; };
		FC971D1523A6AA1000103B35 /* OLTheadSafeRun.swift in Sources */ = {isa = PBXBuildFile; fileRef = FC971D1423A6AA1000103B35 /* OLTheadSafeRun.swift */; };
		FCB1A2F423A518E2008ED5B5 /* AppDelegate.swift in Sources */ = {isa = PBXBuildFile; fileRef = FCB1A2F323A518E2008ED5B5 /* AppDelegate.swift */; };
		FCB1A2F623A518E2008ED5B5 /* SceneDelegate.swift in Sources */ = {isa = PBXBuildFile; fileRef = FCB1A2F523A518E2008ED5B5 /* SceneDelegate.swift */; };
		FCB1A2FA23A518E4008ED5B5 /* Assets.xcassets in Resources */ = {isa = PBXBuildFile; fileRef = FCB1A2F923A518E4008ED5B5 /* Assets.xcassets */; };
		FCB1A2FD23A518E4008ED5B5 /* Preview Assets.xcassets in Resources */ = {isa = PBXBuildFile; fileRef = FCB1A2FC23A518E4008ED5B5 /* Preview Assets.xcassets */; };
		FCB1A30023A518E4008ED5B5 /* LaunchScreen.storyboard in Resources */ = {isa = PBXBuildFile; fileRef = FCB1A2FE23A518E4008ED5B5 /* LaunchScreen.storyboard */; };
		FCB1A30823A51B48008ED5B5 /* Avatars.xcassets in Resources */ = {isa = PBXBuildFile; fileRef = FCB1A30723A51B48008ED5B5 /* Avatars.xcassets */; };
		FCB1A30D23A51E5A008ED5B5 /* ViewController.swift in Sources */ = {isa = PBXBuildFile; fileRef = FCB1A30C23A51E5A008ED5B5 /* ViewController.swift */; };
		FCB1A31123A51F5E008ED5B5 /* OLImageModel.swift in Sources */ = {isa = PBXBuildFile; fileRef = FCB1A31023A51F5E008ED5B5 /* OLImageModel.swift */; };
		FCB1A31A23A536CE008ED5B5 /* OLPersonInfoModel.swift in Sources */ = {isa = PBXBuildFile; fileRef = FCB1A31923A536CE008ED5B5 /* OLPersonInfoModel.swift */; };
		FCB1A31C23A536E7008ED5B5 /* OLPersonInfoProtocol.swift in Sources */ = {isa = PBXBuildFile; fileRef = FCB1A31B23A536E7008ED5B5 /* OLPersonInfoProtocol.swift */; };
		FCB1A31E23A5383E008ED5B5 /* OLPersonFullNameModelProtocol.swift in Sources */ = {isa = PBXBuildFile; fileRef = FCB1A31D23A5383E008ED5B5 /* OLPersonFullNameModelProtocol.swift */; };
		FCB1A32023A54311008ED5B5 /* OLPersonAvatarModelProtocol.swift in Sources */ = {isa = PBXBuildFile; fileRef = FCB1A31F23A54311008ED5B5 /* OLPersonAvatarModelProtocol.swift */; };
		FCB1A32123A543E9008ED5B5 /* OLImageModelProtocol.swift in Sources */ = {isa = PBXBuildFile; fileRef = FCB1A31823A52433008ED5B5 /* OLImageModelProtocol.swift */; };
		FCB1A32323A54522008ED5B5 /* OLPersonFullNameModel.swift in Sources */ = {isa = PBXBuildFile; fileRef = FCB1A32223A54522008ED5B5 /* OLPersonFullNameModel.swift */; };
		FCB1A32523A545DC008ED5B5 /* OLPersonAvatarModel.swift in Sources */ = {isa = PBXBuildFile; fileRef = FCB1A32423A545DC008ED5B5 /* OLPersonAvatarModel.swift */; };
		FCB6187323AAAC6200AC430A /* OLCustomHitTestView.swift in Sources */ = {isa = PBXBuildFile; fileRef = FCB6187223AAAC6200AC430A /* OLCustomHitTestView.swift */; };
		FCEE151023A7CDF5009EAA2B /* OLCache.swift in Sources */ = {isa = PBXBuildFile; fileRef = FCEE150F23A7CDF5009EAA2B /* OLCache.swift */; };
		FCEE151223A7D9EE009EAA2B /* OLViewExtensions.swift in Sources */ = {isa = PBXBuildFile; fileRef = FCEE151123A7D9EE009EAA2B /* OLViewExtensions.swift */; };
		FCEE151423A7DA71009EAA2B /* OLScrollView.swift in Sources */ = {isa = PBXBuildFile; fileRef = FCEE151323A7DA71009EAA2B /* OLScrollView.swift */; };
		FCEE151623AA6ABC009EAA2B /* OLPersonInfoTableViewCell.swift in Sources */ = {isa = PBXBuildFile; fileRef = FCEE151523AA6ABC009EAA2B /* OLPersonInfoTableViewCell.swift */; };
/* End PBXBuildFile section */

/* Begin PBXFileReference section */
		FC971D0823A65A8F00103B35 /* OLContactViewModel.swift */ = {isa = PBXFileReference; lastKnownFileType = sourcecode.swift; path = OLContactViewModel.swift; sourceTree = "<group>"; };
		FC971D0A23A65F7900103B35 /* OLFIleLoader.swift */ = {isa = PBXFileReference; lastKnownFileType = sourcecode.swift; path = OLFIleLoader.swift; sourceTree = "<group>"; };
		FC971D0D23A67F7600103B35 /* Resource.bundle */ = {isa = PBXFileReference; lastKnownFileType = "wrapper.plug-in"; name = Resource.bundle; path = outlookTest/Resource.bundle; sourceTree = SOURCE_ROOT; };
		FC971D1023A6867D00103B35 /* OLContactAvatarView.swift */ = {isa = PBXFileReference; lastKnownFileType = sourcecode.swift; path = OLContactAvatarView.swift; sourceTree = "<group>"; };
		FC971D1223A6902D00103B35 /* OLImageUtility.swift */ = {isa = PBXFileReference; lastKnownFileType = sourcecode.swift; path = OLImageUtility.swift; sourceTree = "<group>"; };
		FC971D1423A6AA1000103B35 /* OLTheadSafeRun.swift */ = {isa = PBXFileReference; lastKnownFileType = sourcecode.swift; path = OLTheadSafeRun.swift; sourceTree = "<group>"; };
		FCB1A2F023A518E2008ED5B5 /* outlookTest.app */ = {isa = PBXFileReference; explicitFileType = wrapper.application; includeInIndex = 0; path = outlookTest.app; sourceTree = BUILT_PRODUCTS_DIR; };
		FCB1A2F323A518E2008ED5B5 /* AppDelegate.swift */ = {isa = PBXFileReference; lastKnownFileType = sourcecode.swift; path = AppDelegate.swift; sourceTree = "<group>"; };
		FCB1A2F523A518E2008ED5B5 /* SceneDelegate.swift */ = {isa = PBXFileReference; lastKnownFileType = sourcecode.swift; path = SceneDelegate.swift; sourceTree = "<group>"; };
		FCB1A2F923A518E4008ED5B5 /* Assets.xcassets */ = {isa = PBXFileReference; lastKnownFileType = folder.assetcatalog; path = Assets.xcassets; sourceTree = "<group>"; };
		FCB1A2FC23A518E4008ED5B5 /* Preview Assets.xcassets */ = {isa = PBXFileReference; lastKnownFileType = folder.assetcatalog; path = "Preview Assets.xcassets"; sourceTree = "<group>"; };
		FCB1A2FF23A518E4008ED5B5 /* Base */ = {isa = PBXFileReference; lastKnownFileType = file.storyboard; name = Base; path = Base.lproj/LaunchScreen.storyboard; sourceTree = "<group>"; };
		FCB1A30123A518E4008ED5B5 /* Info.plist */ = {isa = PBXFileReference; lastKnownFileType = text.plist.xml; path = Info.plist; sourceTree = "<group>"; };
		FCB1A30723A51B48008ED5B5 /* Avatars.xcassets */ = {isa = PBXFileReference; lastKnownFileType = folder.assetcatalog; path = Avatars.xcassets; sourceTree = "<group>"; };
		FCB1A30C23A51E5A008ED5B5 /* ViewController.swift */ = {isa = PBXFileReference; lastKnownFileType = sourcecode.swift; path = ViewController.swift; sourceTree = "<group>"; };
		FCB1A31023A51F5E008ED5B5 /* OLImageModel.swift */ = {isa = PBXFileReference; lastKnownFileType = sourcecode.swift; path = OLImageModel.swift; sourceTree = "<group>"; };
		FCB1A31823A52433008ED5B5 /* OLImageModelProtocol.swift */ = {isa = PBXFileReference; lastKnownFileType = sourcecode.swift; path = OLImageModelProtocol.swift; sourceTree = "<group>"; };
		FCB1A31923A536CE008ED5B5 /* OLPersonInfoModel.swift */ = {isa = PBXFileReference; lastKnownFileType = sourcecode.swift; path = OLPersonInfoModel.swift; sourceTree = "<group>"; };
		FCB1A31B23A536E7008ED5B5 /* OLPersonInfoProtocol.swift */ = {isa = PBXFileReference; lastKnownFileType = sourcecode.swift; path = OLPersonInfoProtocol.swift; sourceTree = "<group>"; };
		FCB1A31D23A5383E008ED5B5 /* OLPersonFullNameModelProtocol.swift */ = {isa = PBXFileReference; lastKnownFileType = sourcecode.swift; path = OLPersonFullNameModelProtocol.swift; sourceTree = "<group>"; };
		FCB1A31F23A54311008ED5B5 /* OLPersonAvatarModelProtocol.swift */ = {isa = PBXFileReference; lastKnownFileType = sourcecode.swift; path = OLPersonAvatarModelProtocol.swift; sourceTree = "<group>"; };
		FCB1A32223A54522008ED5B5 /* OLPersonFullNameModel.swift */ = {isa = PBXFileReference; lastKnownFileType = sourcecode.swift; path = OLPersonFullNameModel.swift; sourceTree = "<group>"; };
		FCB1A32423A545DC008ED5B5 /* OLPersonAvatarModel.swift */ = {isa = PBXFileReference; lastKnownFileType = sourcecode.swift; path = OLPersonAvatarModel.swift; sourceTree = "<group>"; };
		FCB6187223AAAC6200AC430A /* OLCustomHitTestView.swift */ = {isa = PBXFileReference; lastKnownFileType = sourcecode.swift; path = OLCustomHitTestView.swift; sourceTree = "<group>"; };
		FCEE150F23A7CDF5009EAA2B /* OLCache.swift */ = {isa = PBXFileReference; lastKnownFileType = sourcecode.swift; path = OLCache.swift; sourceTree = "<group>"; };
		FCEE151123A7D9EE009EAA2B /* OLViewExtensions.swift */ = {isa = PBXFileReference; lastKnownFileType = sourcecode.swift; path = OLViewExtensions.swift; sourceTree = "<group>"; };
		FCEE151323A7DA71009EAA2B /* OLScrollView.swift */ = {isa = PBXFileReference; lastKnownFileType = sourcecode.swift; path = OLScrollView.swift; sourceTree = "<group>"; };
		FCEE151523AA6ABC009EAA2B /* OLPersonInfoTableViewCell.swift */ = {isa = PBXFileReference; lastKnownFileType = sourcecode.swift; path = OLPersonInfoTableViewCell.swift; sourceTree = "<group>"; };
/* End PBXFileReference section */

/* Begin PBXFrameworksBuildPhase section */
		FCB1A2ED23A518E2008ED5B5 /* Frameworks */ = {
			isa = PBXFrameworksBuildPhase;
			buildActionMask = 2147483647;
			files = (
			);
			runOnlyForDeploymentPostprocessing = 0;
		};
/* End PBXFrameworksBuildPhase section */

/* Begin PBXGroup section */
		FC971D0723A6552500103B35 /* ViewModel */ = {
			isa = PBXGroup;
			children = (
				FC971D0823A65A8F00103B35 /* OLContactViewModel.swift */,
			);
			path = ViewModel;
			sourceTree = "<group>";
		};
		FC971D0C23A67F6300103B35 /* Resources */ = {
			isa = PBXGroup;
			children = (
				FC971D0D23A67F7600103B35 /* Resource.bundle */,
				FCB1A2F923A518E4008ED5B5 /* Assets.xcassets */,
				FCB1A30723A51B48008ED5B5 /* Avatars.xcassets */,
			);
			path = Resources;
			sourceTree = "<group>";
		};
		FC971D0F23A6864800103B35 /* View */ = {
			isa = PBXGroup;
			children = (
				FC971D1023A6867D00103B35 /* OLContactAvatarView.swift */,
				FCEE151523AA6ABC009EAA2B /* OLPersonInfoTableViewCell.swift */,
			);
			path = View;
			sourceTree = "<group>";
		};
		FCB1A2E723A518E2008ED5B5 = {
			isa = PBXGroup;
			children = (
				FCB1A2F223A518E2008ED5B5 /* outlookTest */,
				FCB1A2F123A518E2008ED5B5 /* Products */,
			);
			sourceTree = "<group>";
		};
		FCB1A2F123A518E2008ED5B5 /* Products */ = {
			isa = PBXGroup;
			children = (
				FCB1A2F023A518E2008ED5B5 /* outlookTest.app */,
			);
			name = Products;
			sourceTree = "<group>";
		};
		FCB1A2F223A518E2008ED5B5 /* outlookTest */ = {
			isa = PBXGroup;
			children = (
				FCB1A2F523A518E2008ED5B5 /* SceneDelegate.swift */,
				FCB1A31623A523FE008ED5B5 /* Utility */,
				FCB1A31523A523F9008ED5B5 /* Common */,
				FCB1A30E23A51EFB008ED5B5 /* ContactVC */,
				FCB1A30923A51C45008ED5B5 /* APPDelegate */,
				FC971D0C23A67F6300103B35 /* Resources */,
				FCB1A2FE23A518E4008ED5B5 /* LaunchScreen.storyboard */,
				FCB1A30123A518E4008ED5B5 /* Info.plist */,
				FCB1A2FB23A518E4008ED5B5 /* Preview Content */,
			);
			path = outlookTest;
			sourceTree = "<group>";
		};
		FCB1A2FB23A518E4008ED5B5 /* Preview Content */ = {
			isa = PBXGroup;
			children = (
				FCB1A2FC23A518E4008ED5B5 /* Preview Assets.xcassets */,
			);
			path = "Preview Content";
			sourceTree = "<group>";
		};
		FCB1A30923A51C45008ED5B5 /* APPDelegate */ = {
			isa = PBXGroup;
			children = (
				FCB1A2F323A518E2008ED5B5 /* AppDelegate.swift */,
			);
			path = APPDelegate;
			sourceTree = "<group>";
		};
		FCB1A30E23A51EFB008ED5B5 /* ContactVC */ = {
			isa = PBXGroup;
			children = (
				FCB1A30C23A51E5A008ED5B5 /* ViewController.swift */,
				FC971D0F23A6864800103B35 /* View */,
				FC971D0723A6552500103B35 /* ViewModel */,
				FCB1A30F23A51F08008ED5B5 /* Model */,
			);
			path = ContactVC;
			sourceTree = "<group>";
		};
		FCB1A30F23A51F08008ED5B5 /* Model */ = {
			isa = PBXGroup;
			children = (
				FCB1A31923A536CE008ED5B5 /* OLPersonInfoModel.swift */,
				FCB1A32423A545DC008ED5B5 /* OLPersonAvatarModel.swift */,
				FCB1A32223A54522008ED5B5 /* OLPersonFullNameModel.swift */,
				FCB1A31023A51F5E008ED5B5 /* OLImageModel.swift */,
			);
			path = Model;
			sourceTree = "<group>";
		};
		FCB1A31523A523F9008ED5B5 /* Common */ = {
			isa = PBXGroup;
			children = (
				FCB1A31823A52433008ED5B5 /* OLImageModelProtocol.swift */,
				FCB1A31B23A536E7008ED5B5 /* OLPersonInfoProtocol.swift */,
				FCB1A31D23A5383E008ED5B5 /* OLPersonFullNameModelProtocol.swift */,
				FCB1A31F23A54311008ED5B5 /* OLPersonAvatarModelProtocol.swift */,
			);
			path = Common;
			sourceTree = "<group>";
		};
		FCB1A31623A523FE008ED5B5 /* Utility */ = {
			isa = PBXGroup;
			children = (
				FC971D0A23A65F7900103B35 /* OLFIleLoader.swift */,
				FC971D1223A6902D00103B35 /* OLImageUtility.swift */,
				FC971D1423A6AA1000103B35 /* OLTheadSafeRun.swift */,
				FCEE151123A7D9EE009EAA2B /* OLViewExtensions.swift */,
				FCEE150F23A7CDF5009EAA2B /* OLCache.swift */,
				FCEE151323A7DA71009EAA2B /* OLScrollView.swift */,
				FCB6187223AAAC6200AC430A /* OLCustomHitTestView.swift */,
			);
			path = Utility;
			sourceTree = "<group>";
		};
/* End PBXGroup section */

/* Begin PBXNativeTarget section */
		FCB1A2EF23A518E2008ED5B5 /* outlookTest */ = {
			isa = PBXNativeTarget;
			buildConfigurationList = FCB1A30423A518E4008ED5B5 /* Build configuration list for PBXNativeTarget "outlookTest" */;
			buildPhases = (
				FCB1A2EC23A518E2008ED5B5 /* Sources */,
				FCB1A2ED23A518E2008ED5B5 /* Frameworks */,
				FCB1A2EE23A518E2008ED5B5 /* Resources */,
			);
			buildRules = (
			);
			dependencies = (
			);
			name = outlookTest;
			productName = outlookTest;
			productReference = FCB1A2F023A518E2008ED5B5 /* outlookTest.app */;
			productType = "com.apple.product-type.application";
		};
/* End PBXNativeTarget section */

/* Begin PBXProject section */
		FCB1A2E823A518E2008ED5B5 /* Project object */ = {
			isa = PBXProject;
			attributes = {
				LastSwiftUpdateCheck = 1110;
				LastUpgradeCheck = 1110;
				ORGANIZATIONNAME = w99wen;
				TargetAttributes = {
					FCB1A2EF23A518E2008ED5B5 = {
						CreatedOnToolsVersion = 11.1;
						LastSwiftMigration = 1110;
					};
				};
			};
			buildConfigurationList = FCB1A2EB23A518E2008ED5B5 /* Build configuration list for PBXProject "outlookTest" */;
			compatibilityVersion = "Xcode 9.3";
			developmentRegion = en;
			hasScannedForEncodings = 0;
			knownRegions = (
				en,
				Base,
			);
			mainGroup = FCB1A2E723A518E2008ED5B5;
			productRefGroup = FCB1A2F123A518E2008ED5B5 /* Products */;
			projectDirPath = "";
			projectRoot = "";
			targets = (
				FCB1A2EF23A518E2008ED5B5 /* outlookTest */,
			);
		};
/* End PBXProject section */

/* Begin PBXResourcesBuildPhase section */
		FCB1A2EE23A518E2008ED5B5 /* Resources */ = {
			isa = PBXResourcesBuildPhase;
			buildActionMask = 2147483647;
			files = (
				FCB1A30023A518E4008ED5B5 /* LaunchScreen.storyboard in Resources */,
				FCB1A2FD23A518E4008ED5B5 /* Preview Assets.xcassets in Resources */,
				FCB1A30823A51B48008ED5B5 /* Avatars.xcassets in Resources */,
				FCB1A2FA23A518E4008ED5B5 /* Assets.xcassets in Resources */,
				FC971D0E23A67F7600103B35 /* Resource.bundle in Resources */,
			);
			runOnlyForDeploymentPostprocessing = 0;
		};
/* End PBXResourcesBuildPhase section */

/* Begin PBXSourcesBuildPhase section */
		FCB1A2EC23A518E2008ED5B5 /* Sources */ = {
			isa = PBXSourcesBuildPhase;
			buildActionMask = 2147483647;
			files = (
				FCB1A31123A51F5E008ED5B5 /* OLImageModel.swift in Sources */,
				FCB1A32323A54522008ED5B5 /* OLPersonFullNameModel.swift in Sources */,
				FCB1A2F423A518E2008ED5B5 /* AppDelegate.swift in Sources */,
				FCB1A2F623A518E2008ED5B5 /* SceneDelegate.swift in Sources */,
				FC971D1523A6AA1000103B35 /* OLTheadSafeRun.swift in Sources */,
				FCB1A32523A545DC008ED5B5 /* OLPersonAvatarModel.swift in Sources */,
				FC971D1323A6902D00103B35 /* OLImageUtility.swift in Sources */,
				FCEE151623AA6ABC009EAA2B /* OLPersonInfoTableViewCell.swift in Sources */,
				FCB1A32123A543E9008ED5B5 /* OLImageModelProtocol.swift in Sources */,
				FCB6187323AAAC6200AC430A /* OLCustomHitTestView.swift in Sources */,
				FCB1A31A23A536CE008ED5B5 /* OLPersonInfoModel.swift in Sources */,
				FCEE151223A7D9EE009EAA2B /* OLViewExtensions.swift in Sources */,
				FC971D1123A6867D00103B35 /* OLContactAvatarView.swift in Sources */,
				FCEE151023A7CDF5009EAA2B /* OLCache.swift in Sources */,
				FC971D0B23A65F7900103B35 /* OLFIleLoader.swift in Sources */,
				FCB1A30D23A51E5A008ED5B5 /* ViewController.swift in Sources */,
				FCB1A32023A54311008ED5B5 /* OLPersonAvatarModelProtocol.swift in Sources */,
				FCB1A31E23A5383E008ED5B5 /* OLPersonFullNameModelProtocol.swift in Sources */,
				FC971D0923A65A8F00103B35 /* OLContactViewModel.swift in Sources */,
				FCEE151423A7DA71009EAA2B /* OLScrollView.swift in Sources */,
				FCB1A31C23A536E7008ED5B5 /* OLPersonInfoProtocol.swift in Sources */,
			);
			runOnlyForDeploymentPostprocessing = 0;
		};
/* End PBXSourcesBuildPhase section */

/* Begin PBXVariantGroup section */
		FCB1A2FE23A518E4008ED5B5 /* LaunchScreen.storyboard */ = {
			isa = PBXVariantGroup;
			children = (
				FCB1A2FF23A518E4008ED5B5 /* Base */,
			);
			name = LaunchScreen.storyboard;
			sourceTree = "<group>";
		};
/* End PBXVariantGroup section */

/* Begin XCBuildConfiguration section */
		FCB1A30223A518E4008ED5B5 /* Debug */ = {
			isa = XCBuildConfiguration;
			buildSettings = {
				ALWAYS_SEARCH_USER_PATHS = NO;
				CLANG_ANALYZER_NONNULL = YES;
				CLANG_ANALYZER_NUMBER_OBJECT_CONVERSION = YES_AGGRESSIVE;
				CLANG_CXX_LANGUAGE_STANDARD = "gnu++14";
				CLANG_CXX_LIBRARY = "libc++";
				CLANG_ENABLE_MODULES = YES;
				CLANG_ENABLE_OBJC_ARC = YES;
				CLANG_ENABLE_OBJC_WEAK = YES;
				CLANG_WARN_BLOCK_CAPTURE_AUTORELEASING = YES;
				CLANG_WARN_BOOL_CONVERSION = YES;
				CLANG_WARN_COMMA = YES;
				CLANG_WARN_CONSTANT_CONVERSION = YES;
				CLANG_WARN_DEPRECATED_OBJC_IMPLEMENTATIONS = YES;
				CLANG_WARN_DIRECT_OBJC_ISA_USAGE = YES_ERROR;
				CLANG_WARN_DOCUMENTATION_COMMENTS = YES;
				CLANG_WARN_EMPTY_BODY = YES;
				CLANG_WARN_ENUM_CONVERSION = YES;
				CLANG_WARN_INFINITE_RECURSION = YES;
				CLANG_WARN_INT_CONVERSION = YES;
				CLANG_WARN_NON_LITERAL_NULL_CONVERSION = YES;
				CLANG_WARN_OBJC_IMPLICIT_RETAIN_SELF = YES;
				CLANG_WARN_OBJC_LITERAL_CONVERSION = YES;
				CLANG_WARN_OBJC_ROOT_CLASS = YES_ERROR;
				CLANG_WARN_RANGE_LOOP_ANALYSIS = YES;
				CLANG_WARN_STRICT_PROTOTYPES = YES;
				CLANG_WARN_SUSPICIOUS_MOVE = YES;
				CLANG_WARN_UNGUARDED_AVAILABILITY = YES_AGGRESSIVE;
				CLANG_WARN_UNREACHABLE_CODE = YES;
				CLANG_WARN__DUPLICATE_METHOD_MATCH = YES;
				COPY_PHASE_STRIP = NO;
				DEBUG_INFORMATION_FORMAT = dwarf;
				ENABLE_STRICT_OBJC_MSGSEND = YES;
				ENABLE_TESTABILITY = YES;
				GCC_C_LANGUAGE_STANDARD = gnu11;
				GCC_DYNAMIC_NO_PIC = NO;
				GCC_NO_COMMON_BLOCKS = YES;
				GCC_OPTIMIZATION_LEVEL = 0;
				GCC_PREPROCESSOR_DEFINITIONS = (
					"DEBUG=1",
					"$(inherited)",
				);
				GCC_WARN_64_TO_32_BIT_CONVERSION = YES;
				GCC_WARN_ABOUT_RETURN_TYPE = YES_ERROR;
				GCC_WARN_UNDECLARED_SELECTOR = YES;
				GCC_WARN_UNINITIALIZED_AUTOS = YES_AGGRESSIVE;
				GCC_WARN_UNUSED_FUNCTION = YES;
				GCC_WARN_UNUSED_VARIABLE = YES;
				IPHONEOS_DEPLOYMENT_TARGET = 13.1;
				MTL_ENABLE_DEBUG_INFO = INCLUDE_SOURCE;
				MTL_FAST_MATH = YES;
				ONLY_ACTIVE_ARCH = YES;
				SDKROOT = iphoneos;
				SWIFT_ACTIVE_COMPILATION_CONDITIONS = DEBUG;
				SWIFT_OPTIMIZATION_LEVEL = "-Onone";
			};
			name = Debug;
		};
		FCB1A30323A518E4008ED5B5 /* Release */ = {
			isa = XCBuildConfiguration;
			buildSettings = {
				ALWAYS_SEARCH_USER_PATHS = NO;
				CLANG_ANALYZER_NONNULL = YES;
				CLANG_ANALYZER_NUMBER_OBJECT_CONVERSION = YES_AGGRESSIVE;
				CLANG_CXX_LANGUAGE_STANDARD = "gnu++14";
				CLANG_CXX_LIBRARY = "libc++";
				CLANG_ENABLE_MODULES = YES;
				CLANG_ENABLE_OBJC_ARC = YES;
				CLANG_ENABLE_OBJC_WEAK = YES;
				CLANG_WARN_BLOCK_CAPTURE_AUTORELEASING = YES;
				CLANG_WARN_BOOL_CONVERSION = YES;
				CLANG_WARN_COMMA = YES;
				CLANG_WARN_CONSTANT_CONVERSION = YES;
				CLANG_WARN_DEPRECATED_OBJC_IMPLEMENTATIONS = YES;
				CLANG_WARN_DIRECT_OBJC_ISA_USAGE = YES_ERROR;
				CLANG_WARN_DOCUMENTATION_COMMENTS = YES;
				CLANG_WARN_EMPTY_BODY = YES;
				CLANG_WARN_ENUM_CONVERSION = YES;
				CLANG_WARN_INFINITE_RECURSION = YES;
				CLANG_WARN_INT_CONVERSION = YES;
				CLANG_WARN_NON_LITERAL_NULL_CONVERSION = YES;
				CLANG_WARN_OBJC_IMPLICIT_RETAIN_SELF = YES;
				CLANG_WARN_OBJC_LITERAL_CONVERSION = YES;
				CLANG_WARN_OBJC_ROOT_CLASS = YES_ERROR;
				CLANG_WARN_RANGE_LOOP_ANALYSIS = YES;
				CLANG_WARN_STRICT_PROTOTYPES = YES;
				CLANG_WARN_SUSPICIOUS_MOVE = YES;
				CLANG_WARN_UNGUARDED_AVAILABILITY = YES_AGGRESSIVE;
				CLANG_WARN_UNREACHABLE_CODE = YES;
				CLANG_WARN__DUPLICATE_METHOD_MATCH = YES;
				COPY_PHASE_STRIP = NO;
				DEBUG_INFORMATION_FORMAT = "dwarf-with-dsym";
				ENABLE_NS_ASSERTIONS = NO;
				ENABLE_STRICT_OBJC_MSGSEND = YES;
				GCC_C_LANGUAGE_STANDARD = gnu11;
				GCC_NO_COMMON_BLOCKS = YES;
				GCC_WARN_64_TO_32_BIT_CONVERSION = YES;
				GCC_WARN_ABOUT_RETURN_TYPE = YES_ERROR;
				GCC_WARN_UNDECLARED_SELECTOR = YES;
				GCC_WARN_UNINITIALIZED_AUTOS = YES_AGGRESSIVE;
				GCC_WARN_UNUSED_FUNCTION = YES;
				GCC_WARN_UNUSED_VARIABLE = YES;
				IPHONEOS_DEPLOYMENT_TARGET = 13.1;
				MTL_ENABLE_DEBUG_INFO = NO;
				MTL_FAST_MATH = YES;
				SDKROOT = iphoneos;
				SWIFT_COMPILATION_MODE = wholemodule;
				SWIFT_OPTIMIZATION_LEVEL = "-O";
				VALIDATE_PRODUCT = YES;
			};
			name = Release;
		};
		FCB1A30523A518E4008ED5B5 /* Debug */ = {
			isa = XCBuildConfiguration;
			buildSettings = {
				ASSETCATALOG_COMPILER_APPICON_NAME = AppIcon;
				CLANG_ENABLE_MODULES = YES;
				CODE_SIGN_STYLE = Automatic;
				DEVELOPMENT_ASSET_PATHS = "\"outlookTest/Preview Content\"";
				ENABLE_PREVIEWS = YES;
				INFOPLIST_FILE = outlookTest/Info.plist;
				LD_RUNPATH_SEARCH_PATHS = (
					"$(inherited)",
					"@executable_path/Frameworks",
				);
				PRODUCT_BUNDLE_IDENTIFIER = com.outlook.test.outlookTest;
				PRODUCT_NAME = "$(TARGET_NAME)";
				SWIFT_OBJC_BRIDGING_HEADER = "";
				SWIFT_OPTIMIZATION_LEVEL = "-Onone";
				SWIFT_VERSION = 5.0;
				TARGETED_DEVICE_FAMILY = "1,2";
			};
			name = Debug;
		};
		FCB1A30623A518E4008ED5B5 /* Release */ = {
			isa = XCBuildConfiguration;
			buildSettings = {
				ASSETCATALOG_COMPILER_APPICON_NAME = AppIcon;
				CLANG_ENABLE_MODULES = YES;
				CODE_SIGN_STYLE = Automatic;
				DEVELOPMENT_ASSET_PATHS = "\"outlookTest/Preview Content\"";
				ENABLE_PREVIEWS = YES;
				INFOPLIST_FILE = outlookTest/Info.plist;
				LD_RUNPATH_SEARCH_PATHS = (
					"$(inherited)",
					"@executable_path/Frameworks",
				);
				PRODUCT_BUNDLE_IDENTIFIER = com.outlook.test.outlookTest;
				PRODUCT_NAME = "$(TARGET_NAME)";
				SWIFT_OBJC_BRIDGING_HEADER = "";
				SWIFT_VERSION = 5.0;
				TARGETED_DEVICE_FAMILY = "1,2";
			};
			name = Release;
		};
/* End XCBuildConfiguration section */

/* Begin XCConfigurationList section */
		FCB1A2EB23A518E2008ED5B5 /* Build configuration list for PBXProject "outlookTest" */ = {
			isa = XCConfigurationList;
			buildConfigurations = (
				FCB1A30223A518E4008ED5B5 /* Debug */,
				FCB1A30323A518E4008ED5B5 /* Release */,
			);
			defaultConfigurationIsVisible = 0;
			defaultConfigurationName = Release;
		};
		FCB1A30423A518E4008ED5B5 /* Build configuration list for PBXNativeTarget "outlookTest" */ = {
			isa = XCConfigurationList;
			buildConfigurations = (
				FCB1A30523A518E4008ED5B5 /* Debug */,
				FCB1A30623A518E4008ED5B5 /* Release */,
			);
			defaultConfigurationIsVisible = 0;
			defaultConfigurationName = Release;
		};
/* End XCConfigurationList section */
	};
	rootObject = FCB1A2E823A518E2008ED5B5 /* Project object */;
}
